{
  "version": 4,
  "terraform_version": "1.3.9",
  "serial": 5,
  "lineage": "8b9dee2a-9621-c9ed-78cd-5cbb1b47c34a",
  "outputs": {
    "nsg_id": {
      "value": "/subscriptions/646cc4fa-5130-48e5-a72c-f2eee0fa5ded/resourceGroups/MYTESTLABDEVRG/providers/Microsoft.Network/networkSecurityGroups/MYTESTLABNSGNSG",
      "type": "string"
    },
    "subnet_ids": {
      "value": [
        "/subscriptions/646cc4fa-5130-48e5-a72c-f2eee0fa5ded/resourceGroups/MYTESTLABDEVRG/providers/Microsoft.Network/virtualNetworks/MYTESTLABVNET/subnets/subnet-1",
        "/subscriptions/646cc4fa-5130-48e5-a72c-f2eee0fa5ded/resourceGroups/MYTESTLABDEVRG/providers/Microsoft.Network/virtualNetworks/MYTESTLABVNET/subnets/subnet-2"
      ],
      "type": [
        "tuple",
        [
          "string",
          "string"
        ]
      ]
    },
    "vnet_name": {
      "value": "MYTESTLABVNET",
      "type": "string"
    }
  },
  "resources": [
    {
      "module": "module.nsg",
      "mode": "managed",
      "type": "azurerm_network_security_group",
      "name": "nsg",
      "provider": "provider[\"registry.terraform.io/hashicorp/azurerm\"]",
      "instances": [
        {
          "schema_version": 0,
          "attributes": {
            "id": "/subscriptions/646cc4fa-5130-48e5-a72c-f2eee0fa5ded/resourceGroups/MYTESTLABDEVRG/providers/Microsoft.Network/networkSecurityGroups/MYTESTLABNSGNSG",
            "location": "canadacentral",
            "name": "MYTESTLABNSGNSG",
            "resource_group_name": "MYTESTLABDEVRG",
            "security_rule": [
              {
                "access": "Allow",
                "description": "",
                "destination_address_prefix": "10.1.1.10",
                "destination_address_prefixes": [],
                "destination_application_security_group_ids": [],
                "destination_port_range": "80",
                "destination_port_ranges": [],
                "direction": "Inbound",
                "name": "Allow-http",
                "priority": 100,
                "protocol": "Tcp",
                "source_address_prefix": "0.0.0.0/0",
                "source_address_prefixes": [],
                "source_application_security_group_ids": [],
                "source_port_range": "0",
                "source_port_ranges": []
              }
            ],
            "tags": null,
            "timeouts": null
          },
          "sensitive_attributes": [],
          "private": "eyJlMmJmYjczMC1lY2FhLTExZTYtOGY4OC0zNDM2M2JjN2M0YzAiOnsiY3JlYXRlIjoxODAwMDAwMDAwMDAwLCJkZWxldGUiOjE4MDAwMDAwMDAwMDAsInJlYWQiOjMwMDAwMDAwMDAwMCwidXBkYXRlIjoxODAwMDAwMDAwMDAwfX0="
        }
      ]
    },
    {
      "module": "module.virtual_networks",
      "mode": "managed",
      "type": "azurerm_virtual_network",
      "name": "virtual_network",
      "provider": "provider[\"registry.terraform.io/hashicorp/azurerm\"]",
      "instances": [
        {
          "schema_version": 0,
          "attributes": {
            "address_space": [
              "10.1.0.0/16"
            ],
            "bgp_community": "",
            "ddos_protection_plan": [],
            "dns_servers": [],
            "edge_zone": "",
            "flow_timeout_in_minutes": 0,
            "guid": "4b4822ef-c8a4-4719-b3a2-3238dbec78ee",
            "id": "/subscriptions/646cc4fa-5130-48e5-a72c-f2eee0fa5ded/resourceGroups/MYTESTLABDEVRG/providers/Microsoft.Network/virtualNetworks/MYTESTLABVNET",
            "location": "canadacentral",
            "name": "MYTESTLABVNET",
            "resource_group_name": "MYTESTLABDEVRG",
            "subnet": [
              {
                "address_prefix": "10.1.1.0/24",
                "id": "/subscriptions/646cc4fa-5130-48e5-a72c-f2eee0fa5ded/resourceGroups/MYTESTLABDEVRG/providers/Microsoft.Network/virtualNetworks/MYTESTLABVNET/subnets/subnet-1",
                "name": "subnet-1",
                "security_group": ""
              },
              {
                "address_prefix": "10.1.2.0/24",
                "id": "/subscriptions/646cc4fa-5130-48e5-a72c-f2eee0fa5ded/resourceGroups/MYTESTLABDEVRG/providers/Microsoft.Network/virtualNetworks/MYTESTLABVNET/subnets/subnet-2",
                "name": "subnet-2",
                "security_group": ""
              }
            ],
            "tags": {},
            "timeouts": null
          },
          "sensitive_attributes": [],
          "private": "eyJlMmJmYjczMC1lY2FhLTExZTYtOGY4OC0zNDM2M2JjN2M0YzAiOnsiY3JlYXRlIjoxODAwMDAwMDAwMDAwLCJkZWxldGUiOjE4MDAwMDAwMDAwMDAsInJlYWQiOjMwMDAwMDAwMDAwMCwidXBkYXRlIjoxODAwMDAwMDAwMDAwfX0="
        }
      ]
    }
  ],
  "check_results": null
}
